
Microsoft Visual Studio Solution File, Format Version 12.00
# Visual Studio Version 17
VisualStudioVersion = 17.0.31903.59
MinimumVisualStudioVersion = 10.0.40219.1
Project("{FAE04EC0-301F-11D3-BF4B-00C04F79EFBC}") = "DesignPatterns", "DesignPatterns\DesignPatterns.csproj", "{D36F05C9-4842-4AFB-B767-93B75B88979E}"
EndProject
Project("{FAE04EC0-301F-11D3-BF4B-00C04F79EFBC}") = "DesignPatterns.Tests", "DesignPatterns.Tests\DesignPatterns.Tests.csproj", "{A5F62F80-2E8C-4424-88BB-6C63EE2CB324}"
EndProject
Global
	GlobalSection(SolutionConfigurationPlatforms) = preSolution
		Debug|Any CPU = Debug|Any CPU
		Release|Any CPU = Release|Any CPU
	EndGlobalSection
	GlobalSection(SolutionProperties) = preSolution
		HideSolutionNode = FALSE
	EndGlobalSection
	GlobalSection(ProjectConfigurationPlatforms) = postSolution
		{D36F05C9-4842-4AFB-B767-93B75B88979E}.Debug|Any CPU.ActiveCfg = Debug|Any CPU
		{D36F05C9-4842-4AFB-B767-93B75B88979E}.Debug|Any CPU.Build.0 = Debug|Any CPU
		{D36F05C9-4842-4AFB-B767-93B75B88979E}.Release|Any CPU.ActiveCfg = Release|Any CPU
		{D36F05C9-4842-4AFB-B767-93B75B88979E}.Release|Any CPU.Build.0 = Release|Any CPU
		{A5F62F80-2E8C-4424-88BB-6C63EE2CB324}.Debug|Any CPU.ActiveCfg = Debug|Any CPU
		{A5F62F80-2E8C-4424-88BB-6C63EE2CB324}.Debug|Any CPU.Build.0 = Debug|Any CPU
		{A5F62F80-2E8C-4424-88BB-6C63EE2CB324}.Release|Any CPU.ActiveCfg = Release|Any CPU
		{A5F62F80-2E8C-4424-88BB-6C63EE2CB324}.Release|Any CPU.Build.0 = Release|Any CPU
	EndGlobalSection
EndGlobal
